
Microsoft Visual Studio Solution File, Format Version 12.00
# Visual Studio Version 16
VisualStudioVersion = 16.0.31624.102
MinimumVisualStudioVersion = 10.0.40219.1
Project("{FAE04EC0-301F-11D3-BF4B-00C04F79EFBC}") = "MaterialConstrucao", "MaterialConstrucao\MaterialConstrucao.csproj", "{57DA0F72-84F4-40A9-9CC7-69B4C1158221}"
EndProject
Global
	GlobalSection(SolutionConfigurationPlatforms) = preSolution
		Debug|Any CPU = Debug|Any CPU
		Release|Any CPU = Release|Any CPU
	EndGlobalSection
	GlobalSection(ProjectConfigurationPlatforms) = postSolution
		{57DA0F72-84F4-40A9-9CC7-69B4C1158221}.Debug|Any CPU.ActiveCfg = Debug|Any CPU
		{57DA0F72-84F4-40A9-9CC7-69B4C1158221}.Debug|Any CPU.Build.0 = Debug|Any CPU
		{57DA0F72-84F4-40A9-9CC7-69B4C1158221}.Release|Any CPU.ActiveCfg = Release|Any CPU
		{57DA0F72-84F4-40A9-9CC7-69B4C1158221}.Release|Any CPU.Build.0 = Release|Any CPU
	EndGlobalSection
	GlobalSection(SolutionProperties) = preSolution
		HideSolutionNode = FALSE
	EndGlobalSection
	GlobalSection(ExtensibilityGlobals) = postSolution
		SolutionGuid = {0BF8F3EC-3AB7-4D8C-9371-8187A95D0E4C}
	EndGlobalSection
EndGlobal
